
Microsoft Visual Studio Solution File, Format Version 12.00
# Visual Studio 14
VisualStudioVersion = 14.0.25420.1
MinimumVisualStudioVersion = 10.0.40219.1
Project("{2150E333-8FDC-42A3-9474-1A3956D46DE8}") = "src", "src", "{DF5DC31F-091C-4C3E-AD51-35CC039B41A6}"
EndProject
Project("{2150E333-8FDC-42A3-9474-1A3956D46DE8}") = "Solution Items", "Solution Items", "{CFBF02CE-0226-4DFC-8D96-F6A73CC6B513}"
	ProjectSection(SolutionItems) = preProject
		global.json = global.json
	EndProjectSection
EndProject
Project("{8BB2217D-0F2D-49D1-97BC-3654ED321F3B}") = "WebHost", "src\WebHost\WebHost.xproj", "{1928F3D6-E021-4776-B5BE-E25C30C0B453}"
EndProject
Global
	GlobalSection(SolutionConfigurationPlatforms) = preSolution
		Debug|Any CPU = Debug|Any CPU
		Release|Any CPU = Release|Any CPU
	EndGlobalSection
	GlobalSection(ProjectConfigurationPlatforms) = postSolution
		{1928F3D6-E021-4776-B5BE-E25C30C0B453}.Debug|Any CPU.ActiveCfg = Debug|Any CPU
		{1928F3D6-E021-4776-B5BE-E25C30C0B453}.Debug|Any CPU.Build.0 = Debug|Any CPU
		{1928F3D6-E021-4776-B5BE-E25C30C0B453}.Release|Any CPU.ActiveCfg = Release|Any CPU
		{1928F3D6-E021-4776-B5BE-E25C30C0B453}.Release|Any CPU.Build.0 = Release|Any CPU
	EndGlobalSection
	GlobalSection(SolutionProperties) = preSolution
		HideSolutionNode = FALSE
	EndGlobalSection
	GlobalSection(NestedProjects) = preSolution
		{1928F3D6-E021-4776-B5BE-E25C30C0B453} = {DF5DC31F-091C-4C3E-AD51-35CC039B41A6}
	EndGlobalSection
EndGlobal
